
Microsoft Visual Studio Solution File, Format Version 12.00
# Visual Studio 2012
Project("{FAE04EC0-301F-11D3-BF4B-00C04F79EFBC}") = "ElectronicRolodex.Data", "ElectronicRolodex.Data\ElectronicRolodex.Data.csproj", "{140985FC-BD8C-4744-9E60-6AA3BFFA5D4C}"
EndProject
Project("{FAE04EC0-301F-11D3-BF4B-00C04F79EFBC}") = "ElectronicRolodex.Desktop", "ElectronicRolodex.Desktop\ElectronicRolodex.Desktop.csproj", "{E773CB60-015F-47BF-83DF-18A48A303A48}"
EndProject
Global
	GlobalSection(SolutionConfigurationPlatforms) = preSolution
		Debug|Any CPU = Debug|Any CPU
		Release|Any CPU = Release|Any CPU
	EndGlobalSection
	GlobalSection(ProjectConfigurationPlatforms) = postSolution
		{140985FC-BD8C-4744-9E60-6AA3BFFA5D4C}.Debug|Any CPU.ActiveCfg = Debug|Any CPU
		{140985FC-BD8C-4744-9E60-6AA3BFFA5D4C}.Debug|Any CPU.Build.0 = Debug|Any CPU
		{140985FC-BD8C-4744-9E60-6AA3BFFA5D4C}.Release|Any CPU.ActiveCfg = Release|Any CPU
		{140985FC-BD8C-4744-9E60-6AA3BFFA5D4C}.Release|Any CPU.Build.0 = Release|Any CPU
		{E773CB60-015F-47BF-83DF-18A48A303A48}.Debug|Any CPU.ActiveCfg = Debug|Any CPU
		{E773CB60-015F-47BF-83DF-18A48A303A48}.Debug|Any CPU.Build.0 = Debug|Any CPU
		{E773CB60-015F-47BF-83DF-18A48A303A48}.Release|Any CPU.ActiveCfg = Release|Any CPU
		{E773CB60-015F-47BF-83DF-18A48A303A48}.Release|Any CPU.Build.0 = Release|Any CPU
	EndGlobalSection
	GlobalSection(SolutionProperties) = preSolution
		HideSolutionNode = FALSE
	EndGlobalSection
	GlobalSection(ExtensibilityGlobals) = postSolution
		EnterpriseLibraryConfigurationToolBinariesPath = packages\Unity.2.1.505.2\lib\NET35
	EndGlobalSection
EndGlobal
